// !$*UTF8*$!
{
	archiveVersion = 1;
	classes = {
	};
	objectVersion = 46;
	objects = {

/* Begin PBXBuildFile section */
		7B449F351D6FEF1B0015413B /* main.m in Sources */ = {isa = PBXBuildFile; fileRef = 7B449F341D6FEF1B0015413B /* main.m */; };
		7B449F381D6FEF1B0015413B /* AppDelegate.m in Sources */ = {isa = PBXBuildFile; fileRef = 7B449F371D6FEF1B0015413B /* AppDelegate.m */; };
		7B449F3E1D6FEF1B0015413B /* Main.storyboard in Resources */ = {isa = PBXBuildFile; fileRef = 7B449F3C1D6FEF1B0015413B /* Main.storyboard */; };
		7B449F401D6FEF1B0015413B /* Assets.xcassets in Resources */ = {isa = PBXBuildFile; fileRef = 7B449F3F1D6FEF1B0015413B /* Assets.xcassets */; };
		7B449F431D6FEF1B0015413B /* LaunchScreen.storyboard in Resources */ = {isa = PBXBuildFile; fileRef = 7B449F411D6FEF1B0015413B /* LaunchScreen.storyboard */; };
		7BB8622E1D7436CC00E24A1A /* LocationManager.m in Sources */ = {isa = PBXBuildFile; fileRef = 7BB862151D7436CC00E24A1A /* LocationManager.m */; };
		7BB8622F1D7436CC00E24A1A /* WGS84TOGCJ02.m in Sources */ = {isa = PBXBuildFile; fileRef = 7BB862171D7436CC00E24A1A /* WGS84TOGCJ02.m */; };
		7BB862311D7436CC00E24A1A /* testPdf.PDF in Resources */ = {isa = PBXBuildFile; fileRef = 7BB8621B1D7436CC00E24A1A /* testPdf.PDF */; };
		7BB862321D7436CC00E24A1A /* AddressChoicePickerView.m in Sources */ = {isa = PBXBuildFile; fileRef = 7BB8621F1D7436CC00E24A1A /* AddressChoicePickerView.m */; };
		7BB862331D7436CC00E24A1A /* AddressChoicePickerView.xib in Resources */ = {isa = PBXBuildFile; fileRef = 7BB862201D7436CC00E24A1A /* AddressChoicePickerView.xib */; };
		7BB862341D7436CC00E24A1A /* AreaObject.m in Sources */ = {isa = PBXBuildFile; fileRef = 7BB862221D7436CC00E24A1A /* AreaObject.m */; };
		7BB862351D7436CC00E24A1A /* AreaPlist.plist in Resources */ = {isa = PBXBuildFile; fileRef = 7BB862231D7436CC00E24A1A /* AreaPlist.plist */; };
		7BB862361D7436CC00E24A1A /* JYUtilities.m in Sources */ = {isa = PBXBuildFile; fileRef = 7BB862261D7436CC00E24A1A /* JYUtilities.m */; };
		7BB8623A1D74373000E24A1A /* ViewController.m in Sources */ = {isa = PBXBuildFile; fileRef = 7BB862391D74373000E24A1A /* ViewController.m */; };
		7BB862421D7437FF00E24A1A /* SJCommonObj.m in Sources */ = {isa = PBXBuildFile; fileRef = 7BB862411D7437FF00E24A1A /* SJCommonObj.m */; };
		7BB862451D74388700E24A1A /* SJBaseModel.m in Sources */ = {isa = PBXBuildFile; fileRef = 7BB862441D74388700E24A1A /* SJBaseModel.m */; };
/* End PBXBuildFile section */

/* Begin PBXFileReference section */
		7B449F301D6FEF1B0015413B /* SJBaseOCProject.app */ = {isa = PBXFileReference; explicitFileType = wrapper.application; includeInIndex = 0; path = SJBaseOCProject.app; sourceTree = BUILT_PRODUCTS_DIR; };
		7B449F341D6FEF1B0015413B /* main.m */ = {isa = PBXFileReference; lastKnownFileType = sourcecode.c.objc; path = main.m; sourceTree = "<group>"; };
		7B449F361D6FEF1B0015413B /* AppDelegate.h */ = {isa = PBXFileReference; lastKnownFileType = sourcecode.c.h; path = AppDelegate.h; sourceTree = "<group>"; };
		7B449F371D6FEF1B0015413B /* AppDelegate.m */ = {isa = PBXFileReference; lastKnownFileType = sourcecode.c.objc; path = AppDelegate.m; sourceTree = "<group>"; };
		7B449F3D1D6FEF1B0015413B /* Base */ = {isa = PBXFileReference; lastKnownFileType = file.storyboard; name = Base; path = Base.lproj/Main.storyboard; sourceTree = "<group>"; };
		7B449F3F1D6FEF1B0015413B /* Assets.xcassets */ = {isa = PBXFileReference; lastKnownFileType = folder.assetcatalog; name = Assets.xcassets; path = ../Assets.xcassets; sourceTree = "<group>"; };
		7B449F421D6FEF1B0015413B /* Base */ = {isa = PBXFileReference; lastKnownFileType = file.storyboard; name = Base; path = Base.lproj/LaunchScreen.storyboard; sourceTree = "<group>"; };
		7B449F441D6FEF1B0015413B /* Info.plist */ = {isa = PBXFileReference; lastKnownFileType = text.plist.xml; path = Info.plist; sourceTree = "<group>"; };
		7BB862141D7436CC00E24A1A /* LocationManager.h */ = {isa = PBXFileReference; fileEncoding = 4; lastKnownFileType = sourcecode.c.h; path = LocationManager.h; sourceTree = "<group>"; };
		7BB862151D7436CC00E24A1A /* LocationManager.m */ = {isa = PBXFileReference; fileEncoding = 4; lastKnownFileType = sourcecode.c.objc; path = LocationManager.m; sourceTree = "<group>"; };
		7BB862161D7436CC00E24A1A /* WGS84TOGCJ02.h */ = {isa = PBXFileReference; fileEncoding = 4; lastKnownFileType = sourcecode.c.h; path = WGS84TOGCJ02.h; sourceTree = "<group>"; };
		7BB862171D7436CC00E24A1A /* WGS84TOGCJ02.m */ = {isa = PBXFileReference; fileEncoding = 4; lastKnownFileType = sourcecode.c.objc; path = WGS84TOGCJ02.m; sourceTree = "<group>"; };
		7BB8621B1D7436CC00E24A1A /* testPdf.PDF */ = {isa = PBXFileReference; lastKnownFileType = image.pdf; path = testPdf.PDF; sourceTree = "<group>"; };
		7BB8621E1D7436CC00E24A1A /* AddressChoicePickerView.h */ = {isa = PBXFileReference; fileEncoding = 4; lastKnownFileType = sourcecode.c.h; path = AddressChoicePickerView.h; sourceTree = "<group>"; };
		7BB8621F1D7436CC00E24A1A /* AddressChoicePickerView.m */ = {isa = PBXFileReference; fileEncoding = 4; lastKnownFileType = sourcecode.c.objc; path = AddressChoicePickerView.m; sourceTree = "<group>"; };
		7BB862201D7436CC00E24A1A /* AddressChoicePickerView.xib */ = {isa = PBXFileReference; fileEncoding = 4; lastKnownFileType = file.xib; path = AddressChoicePickerView.xib; sourceTree = "<group>"; };
		7BB862211D7436CC00E24A1A /* AreaObject.h */ = {isa = PBXFileReference; fileEncoding = 4; lastKnownFileType = sourcecode.c.h; path = AreaObject.h; sourceTree = "<group>"; };
		7BB862221D7436CC00E24A1A /* AreaObject.m */ = {isa = PBXFileReference; fileEncoding = 4; lastKnownFileType = sourcecode.c.objc; path = AreaObject.m; sourceTree = "<group>"; };
		7BB862231D7436CC00E24A1A /* AreaPlist.plist */ = {isa = PBXFileReference; fileEncoding = 4; lastKnownFileType = text.plist.xml; path = AreaPlist.plist; sourceTree = "<group>"; };
		7BB862251D7436CC00E24A1A /* JYUtilities.h */ = {isa = PBXFileReference; fileEncoding = 4; lastKnownFileType = sourcecode.c.h; path = JYUtilities.h; sourceTree = "<group>"; };
		7BB862261D7436CC00E24A1A /* JYUtilities.m */ = {isa = PBXFileReference; fileEncoding = 4; lastKnownFileType = sourcecode.c.objc; path = JYUtilities.m; sourceTree = "<group>"; };
		7BB862381D74373000E24A1A /* ViewController.h */ = {isa = PBXFileReference; fileEncoding = 4; lastKnownFileType = sourcecode.c.h; path = ViewController.h; sourceTree = "<group>"; };
		7BB862391D74373000E24A1A /* ViewController.m */ = {isa = PBXFileReference; fileEncoding = 4; lastKnownFileType = sourcecode.c.objc; path = ViewController.m; sourceTree = "<group>"; };
		7BB8623B1D74377900E24A1A /* ApiMacro.h */ = {isa = PBXFileReference; fileEncoding = 4; lastKnownFileType = sourcecode.c.h; path = ApiMacro.h; sourceTree = "<group>"; };
		7BB8623C1D74377900E24A1A /* AppMacro.h */ = {isa = PBXFileReference; fileEncoding = 4; lastKnownFileType = sourcecode.c.h; path = AppMacro.h; sourceTree = "<group>"; };
		7BB8623D1D74377900E24A1A /* ConfigMacro.h */ = {isa = PBXFileReference; fileEncoding = 4; lastKnownFileType = sourcecode.c.h; path = ConfigMacro.h; sourceTree = "<group>"; };
		7BB8623E1D74377900E24A1A /* GlobalMacro.h */ = {isa = PBXFileReference; fileEncoding = 4; lastKnownFileType = sourcecode.c.h; path = GlobalMacro.h; sourceTree = "<group>"; };
		7BB8623F1D74377900E24A1A /* NotificationMacro.h */ = {isa = PBXFileReference; fileEncoding = 4; lastKnownFileType = sourcecode.c.h; path = NotificationMacro.h; sourceTree = "<group>"; };
		7BB862401D7437FF00E24A1A /* SJCommonObj.h */ = {isa = PBXFileReference; fileEncoding = 4; lastKnownFileType = sourcecode.c.h; path = SJCommonObj.h; sourceTree = "<group>"; };
		7BB862411D7437FF00E24A1A /* SJCommonObj.m */ = {isa = PBXFileReference; fileEncoding = 4; lastKnownFileType = sourcecode.c.objc; path = SJCommonObj.m; sourceTree = "<group>"; };
		7BB862431D74388700E24A1A /* 42ad9344206ec022315e49f4bbcf13a149503d3f SJBaseModel.h */ = {isa = PBXFileReference; fileEncoding = 4; lastKnownFileType = sourcecode.c.h; path = SJBaseModel.h; sourceTree = "<group>"; };
		7BB862441D74388700E24A1A /* SJBaseModel.m */ = {isa = PBXFileReference; fileEncoding = 4; lastKnownFileType = sourcecode.c.objc; path = SJBaseModel.m; sourceTree = "<group>"; };
/* End PBXFileReference section */

/* Begin PBXFrameworksBuildPhase section */
		7B449F2D1D6FEF1B0015413B /* Frameworks */ = {
			isa = PBXFrameworksBuildPhase;
			buildActionMask = 2147483647;
			files = (
			);
			runOnlyForDeploymentPostprocessing = 0;
		};
/* End PBXFrameworksBuildPhase section */

/* Begin PBXGroup section */
		7B449F271D6FEF1B0015413B = {
			isa = PBXGroup;
			children = (
				7B449F321D6FEF1B0015413B /* SJBaseOCProject */,
				7B449F311D6FEF1B0015413B /* Products */,
			);
			sourceTree = "<group>";
		};
		7B449F311D6FEF1B0015413B /* Products */ = {
			isa = PBXGroup;
			children = (
				7B449F301D6FEF1B0015413B /* SJBaseOCProject.app */,
			);
			name = Products;
			sourceTree = "<group>";
		};
		7B449F321D6FEF1B0015413B /* SJBaseOCProject */ = {
			isa = PBXGroup;
			children = (
				7B449F361D6FEF1B0015413B /* AppDelegate.h */,
				7B449F371D6FEF1B0015413B /* AppDelegate.m */,
				7BB8620D1D7436CB00E24A1A /* SJMacro */,
				7BB8620A1D7436CB00E24A1A /* SJCommon */,
				7BB862271D7436CC00E24A1A /* SJViewController */,
				7BB8620C1D7436CB00E24A1A /* SJInterfaceBuilder */,
				7BB862121D7436CC00E24A1A /* SJManagementClass */,
				7BB862181D7436CC00E24A1A /* SJModel */,
				7BB8621A1D7436CC00E24A1A /* SJResource */,
				7BB8621C1D7436CC00E24A1A /* SJThridParty */,
				7BB862241D7436CC00E24A1A /* SJUtilities */,
				7B449F331D6FEF1B0015413B /* Supporting Files */,
			);
			path = SJBaseOCProject;
			sourceTree = "<group>";
		};
		7B449F331D6FEF1B0015413B /* Supporting Files */ = {
			isa = PBXGroup;
			children = (
				7B449F441D6FEF1B0015413B /* Info.plist */,
				7B449F341D6FEF1B0015413B /* main.m */,
			);
			name = "Supporting Files";
			sourceTree = "<group>";
		};
		7BB8620A1D7436CB00E24A1A /* SJCommon */ = {
			isa = PBXGroup;
			children = (
				7BB862401D7437FF00E24A1A /* SJCommonObj.h */,
				7BB862411D7437FF00E24A1A /* SJCommonObj.m */,
			);
			path = SJCommon;
			sourceTree = "<group>";
		};
		7BB8620C1D7436CB00E24A1A /* SJInterfaceBuilder */ = {
			isa = PBXGroup;
			children = (
				7B449F3C1D6FEF1B0015413B /* Main.storyboard */,
				7B449F411D6FEF1B0015413B /* LaunchScreen.storyboard */,
			);
			path = SJInterfaceBuilder;
			sourceTree = "<group>";
		};
		7BB8620D1D7436CB00E24A1A /* SJMacro */ = {
			isa = PBXGroup;
			children = (
				7BB8623B1D74377900E24A1A /* ApiMacro.h */,
				7BB8623C1D74377900E24A1A /* AppMacro.h */,
				7BB8623D1D74377900E24A1A /* ConfigMacro.h */,
				7BB8623E1D74377900E24A1A /* GlobalMacro.h */,
				7BB8623F1D74377900E24A1A /* NotificationMacro.h */,
			);
			path = SJMacro;
			sourceTree = "<group>";
		};
		7BB862121D7436CC00E24A1A /* SJManagementClass */ = {
			isa = PBXGroup;
			children = (
				7BB862131D7436CC00E24A1A /* LocationManager */,
			);
			path = SJManagementClass;
			sourceTree = "<group>";
		};
		7BB862131D7436CC00E24A1A /* LocationManager */ = {
			isa = PBXGroup;
			children = (
				7BB862141D7436CC00E24A1A /* LocationManager.h */,
				7BB862151D7436CC00E24A1A /* LocationManager.m */,
				7BB862161D7436CC00E24A1A /* WGS84TOGCJ02.h */,
				7BB862171D7436CC00E24A1A /* WGS84TOGCJ02.m */,
			);
			path = LocationManager;
			sourceTree = "<group>";
		};
		7BB862181D7436CC00E24A1A /* SJModel */ = {
			isa = PBXGroup;
			children = (
				7BB862431D74388700E24A1A /* SJBaseModel.h */,
				7BB862441D74388700E24A1A /* SJBaseModel.m */,
			);
			path = SJModel;
			sourceTree = "<group>";
		};
		7BB8621A1D7436CC00E24A1A /* SJResource */ = {
			isa = PBXGroup;
			children = (
				7B449F3F1D6FEF1B0015413B /* Assets.xcassets */,
				7BB8621B1D7436CC00E24A1A /* testPdf.PDF */,
			);
			path = SJResource;
			sourceTree = "<group>";
		};
		7BB8621C1D7436CC00E24A1A /* SJThridParty */ = {
			isa = PBXGroup;
			children = (
				7BB8621D1D7436CC00E24A1A /* AddressChoicePickerView */,
			);
			path = SJThridParty;
			sourceTree = "<group>";
		};
		7BB8621D1D7436CC00E24A1A /* AddressChoicePickerView */ = {
			isa = PBXGroup;
			children = (
				7BB8621E1D7436CC00E24A1A /* AddressChoicePickerView.h */,
				7BB8621F1D7436CC00E24A1A /* AddressChoicePickerView.m */,
				7BB862201D7436CC00E24A1A /* AddressChoicePickerView.xib */,
				7BB862211D7436CC00E24A1A /* AreaObject.h */,
				7BB862221D7436CC00E24A1A /* AreaObject.m */,
				7BB862231D7436CC00E24A1A /* AreaPlist.plist */,
			);
			path = AddressChoicePickerView;
			sourceTree = "<group>";
		};
		7BB862241D7436CC00E24A1A /* SJUtilities */ = {
			isa = PBXGroup;
			children = (
				7BB862251D7436CC00E24A1A /* JYUtilities.h */,
				7BB862261D7436CC00E24A1A /* JYUtilities.m */,
			);
			path = SJUtilities;
			sourceTree = "<group>";
		};
		7BB862271D7436CC00E24A1A /* SJViewController */ = {
			isa = PBXGroup;
			children = (
				7BB862381D74373000E24A1A /* ViewController.h */,
				7BB862391D74373000E24A1A /* ViewController.m */,
			);
			path = SJViewController;
			sourceTree = "<group>";
		};
/* End PBXGroup section */

/* Begin PBXNativeTarget section */
		7B449F2F1D6FEF1B0015413B /* SJBaseOCProject */ = {
			isa = PBXNativeTarget;
			buildConfigurationList = 7B449F471D6FEF1B0015413B /* Build configuration list for PBXNativeTarget "SJBaseOCProject" */;
			buildPhases = (
				7B449F2C1D6FEF1B0015413B /* Sources */,
				7B449F2D1D6FEF1B0015413B /* Frameworks */,
				7B449F2E1D6FEF1B0015413B /* Resources */,
			);
			buildRules = (
			);
			dependencies = (
			);
			name = SJBaseOCProject;
			productName = SJBaseOCProject;
			productReference = 7B449F301D6FEF1B0015413B /* SJBaseOCProject.app */;
			productType = "com.apple.product-type.application";
		};
/* End PBXNativeTarget section */

/* Begin PBXProject section */
		7B449F281D6FEF1B0015413B /* Project object */ = {
			isa = PBXProject;
			attributes = {
				LastUpgradeCheck = 0730;
				ORGANIZATIONNAME = McIntosh;
				TargetAttributes = {
					7B449F2F1D6FEF1B0015413B = {
						CreatedOnToolsVersion = 7.3.1;
					};
				};
			};
			buildConfigurationList = 7B449F2B1D6FEF1B0015413B /* Build configuration list for PBXProject "SJBaseOCProject" */;
			compatibilityVersion = "Xcode 3.2";
			developmentRegion = English;
			hasScannedForEncodings = 0;
			knownRegions = (
				en,
				Base,
			);
			mainGroup = 7B449F271D6FEF1B0015413B;
			productRefGroup = 7B449F311D6FEF1B0015413B /* Products */;
			projectDirPath = "";
			projectRoot = "";
			targets = (
				7B449F2F1D6FEF1B0015413B /* SJBaseOCProject */,
			);
		};
/* End PBXProject section */

/* Begin PBXResourcesBuildPhase section */
		7B449F2E1D6FEF1B0015413B /* Resources */ = {
			isa = PBXResourcesBuildPhase;
			buildActionMask = 2147483647;
			files = (
				7BB862331D7436CC00E24A1A /* AddressChoicePickerView.xib in Resources */,
				7B449F431D6FEF1B0015413B /* LaunchScreen.storyboard in Resources */,
				7BB862311D7436CC00E24A1A /* testPdf.PDF in Resources */,
				7B449F401D6FEF1B0015413B /* Assets.xcassets in Resources */,
				7BB862351D7436CC00E24A1A /* AreaPlist.plist in Resources */,
				7B449F3E1D6FEF1B0015413B /* Main.storyboard in Resources */,
			);
			runOnlyForDeploymentPostprocessing = 0;
		};
/* End PBXResourcesBuildPhase section */

/* Begin PBXSourcesBuildPhase section */
		7B449F2C1D6FEF1B0015413B /* Sources */ = {
			isa = PBXSourcesBuildPhase;
			buildActionMask = 2147483647;
			files = (
				7BB8622F1D7436CC00E24A1A /* WGS84TOGCJ02.m in Sources */,
				7BB862451D74388700E24A1A /* SJBaseModel.m in Sources */,
				7BB862321D7436CC00E24A1A /* AddressChoicePickerView.m in Sources */,
				7BB862341D7436CC00E24A1A /* AreaObject.m in Sources */,
				7BB8622E1D7436CC00E24A1A /* LocationManager.m in Sources */,
				7B449F381D6FEF1B0015413B /* AppDelegate.m in Sources */,
				7BB862421D7437FF00E24A1A /* SJCommonObj.m in Sources */,
				7BB8623A1D74373000E24A1A /* ViewController.m in Sources */,
				7BB862361D7436CC00E24A1A /* JYUtilities.m in Sources */,
				7B449F351D6FEF1B0015413B /* main.m in Sources */,
			);
			runOnlyForDeploymentPostprocessing = 0;
		};
/* End PBXSourcesBuildPhase section */

/* Begin PBXVariantGroup section */
		7B449F3C1D6FEF1B0015413B /* Main.storyboard */ = {
			isa = PBXVariantGroup;
			children = (
				7B449F3D1D6FEF1B0015413B /* Base */,
			);
			name = Main.storyboard;
			path = ..;
			sourceTree = "<group>";
		};
		7B449F411D6FEF1B0015413B /* LaunchScreen.storyboard */ = {
			isa = PBXVariantGroup;
			children = (
				7B449F421D6FEF1B0015413B /* Base */,
			);
			name = LaunchScreen.storyboard;
			path = ..;
			sourceTree = "<group>";
		};
/* End PBXVariantGroup section */

/* Begin XCBuildConfiguration section */
		7B449F451D6FEF1B0015413B /* Debug */ = {
			isa = XCBuildConfiguration;
			buildSettings = {
				ALWAYS_SEARCH_USER_PATHS = NO;
				CLANG_ANALYZER_NONNULL = YES;
				CLANG_CXX_LANGUAGE_STANDARD = "gnu++0x";
				CLANG_CXX_LIBRARY = "libc++";
				CLANG_ENABLE_MODULES = YES;
				CLANG_ENABLE_OBJC_ARC = YES;
				CLANG_WARN_BOOL_CONVERSION = YES;
				CLANG_WARN_CONSTANT_CONVERSION = YES;
				CLANG_WARN_DIRECT_OBJC_ISA_USAGE = YES_ERROR;
				CLANG_WARN_EMPTY_BODY = YES;
				CLANG_WARN_ENUM_CONVERSION = YES;
				CLANG_WARN_INT_CONVERSION = YES;
				CLANG_WARN_OBJC_ROOT_CLASS = YES_ERROR;
				CLANG_WARN_UNREACHABLE_CODE = YES;
				CLANG_WARN__DUPLICATE_METHOD_MATCH = YES;
				"CODE_SIGN_IDENTITY[sdk=iphoneos*]" = "iPhone Developer";
				COPY_PHASE_STRIP = NO;
				DEBUG_INFORMATION_FORMAT = dwarf;
				ENABLE_STRICT_OBJC_MSGSEND = YES;
				ENABLE_TESTABILITY = YES;
				GCC_C_LANGUAGE_STANDARD = gnu99;
				GCC_DYNAMIC_NO_PIC = NO;
				GCC_NO_COMMON_BLOCKS = YES;
				GCC_OPTIMIZATION_LEVEL = 0;
				GCC_PREPROCESSOR_DEFINITIONS = (
					"DEBUG=1",
					"$(inherited)",
				);
				GCC_WARN_64_TO_32_BIT_CONVERSION = YES;
				GCC_WARN_ABOUT_RETURN_TYPE = YES_ERROR;
				GCC_WARN_UNDECLARED_SELECTOR = YES;
				GCC_WARN_UNINITIALIZED_AUTOS = YES_AGGRESSIVE;
				GCC_WARN_UNUSED_FUNCTION = YES;
				GCC_WARN_UNUSED_VARIABLE = YES;
				IPHONEOS_DEPLOYMENT_TARGET = 9.3;
				MTL_ENABLE_DEBUG_INFO = YES;
				ONLY_ACTIVE_ARCH = YES;
				SDKROOT = iphoneos;
				TARGETED_DEVICE_FAMILY = "1,2";
			};
			name = Debug;
		};
		7B449F461D6FEF1B0015413B /* Release */ = {
			isa = XCBuildConfiguration;
			buildSettings = {
				ALWAYS_SEARCH_USER_PATHS = NO;
				CLANG_ANALYZER_NONNULL = YES;
				CLANG_CXX_LANGUAGE_STANDARD = "gnu++0x";
				CLANG_CXX_LIBRARY = "libc++";
				CLANG_ENABLE_MODULES = YES;
				CLANG_ENABLE_OBJC_ARC = YES;
				CLANG_WARN_BOOL_CONVERSION = YES;
				CLANG_WARN_CONSTANT_CONVERSION = YES;
				CLANG_WARN_DIRECT_OBJC_ISA_USAGE = YES_ERROR;
				CLANG_WARN_EMPTY_BODY = YES;
				CLANG_WARN_ENUM_CONVERSION = YES;
				CLANG_WARN_INT_CONVERSION = YES;
				CLANG_WARN_OBJC_ROOT_CLASS = YES_ERROR;
				CLANG_WARN_UNREACHABLE_CODE = YES;
				CLANG_WARN__DUPLICATE_METHOD_MATCH = YES;
				"CODE_SIGN_IDENTITY[sdk=iphoneos*]" = "iPhone Developer";
				COPY_PHASE_STRIP = NO;
				DEBUG_INFORMATION_FORMAT = "dwarf-with-dsym";
				ENABLE_NS_ASSERTIONS = NO;
				ENABLE_STRICT_OBJC_MSGSEND = YES;
				GCC_C_LANGUAGE_STANDARD = gnu99;
				GCC_NO_COMMON_BLOCKS = YES;
				GCC_WARN_64_TO_32_BIT_CONVERSION = YES;
				GCC_WARN_ABOUT_RETURN_TYPE = YES_ERROR;
				GCC_WARN_UNDECLARED_SELECTOR = YES;
				GCC_WARN_UNINITIALIZED_AUTOS = YES_AGGRESSIVE;
				GCC_WARN_UNUSED_FUNCTION = YES;
				GCC_WARN_UNUSED_VARIABLE = YES;
				IPHONEOS_DEPLOYMENT_TARGET = 9.3;
				MTL_ENABLE_DEBUG_INFO = NO;
				SDKROOT = iphoneos;
				TARGETED_DEVICE_FAMILY = "1,2";
				VALIDATE_PRODUCT = YES;
			};
			name = Release;
		};
		7B449F481D6FEF1B0015413B /* Debug */ = {
			isa = XCBuildConfiguration;
			buildSettings = {
				ASSETCATALOG_COMPILER_APPICON_NAME = AppIcon;
				INFOPLIST_FILE = SJBaseOCProject/Info.plist;
				LD_RUNPATH_SEARCH_PATHS = "$(inherited) @executable_path/Frameworks";
				PRODUCT_BUNDLE_IDENTIFIER = com.sunjoy.SJBaseOCProject;
				PRODUCT_NAME = "$(TARGET_NAME)";
			};
			name = Debug;
		};
		7B449F491D6FEF1B0015413B /* Release */ = {
			isa = XCBuildConfiguration;
			buildSettings = {
				ASSETCATALOG_COMPILER_APPICON_NAME = AppIcon;
				INFOPLIST_FILE = SJBaseOCProject/Info.plist;
				LD_RUNPATH_SEARCH_PATHS = "$(inherited) @executable_path/Frameworks";
				PRODUCT_BUNDLE_IDENTIFIER = com.sunjoy.SJBaseOCProject;
				PRODUCT_NAME = "$(TARGET_NAME)";
			};
			name = Release;
		};
/* End XCBuildConfiguration section */

/* Begin XCConfigurationList section */
		7B449F2B1D6FEF1B0015413B /* Build configuration list for PBXProject "SJBaseOCProject" */ = {
			isa = XCConfigurationList;
			buildConfigurations = (
				7B449F451D6FEF1B0015413B /* Debug */,
				7B449F461D6FEF1B0015413B /* Release */,
			);
			defaultConfigurationIsVisible = 0;
			defaultConfigurationName = Release;
		};
		7B449F471D6FEF1B0015413B /* Build configuration list for PBXNativeTarget "SJBaseOCProject" */ = {
			isa = XCConfigurationList;
			buildConfigurations = (
				7B449F481D6FEF1B0015413B /* Debug */,
				7B449F491D6FEF1B0015413B /* Release */,
			);
			defaultConfigurationIsVisible = 0;
			defaultConfigurationName = Release;
		};
/* End XCConfigurationList section */
	};
	rootObject = 7B449F281D6FEF1B0015413B /* Project object */;
}
